Microsoft Visual Studio Solution File, Format Version 12.00
# Visual Studio Version 17
VisualStudioVersion = 17.5.2.0
MinimumVisualStudioVersion = 10.0.40219.1
Project("{FAE04EC0-301F-11D3-BF4B-00C04F79EFBC}") = "LibraryManagementSystem2_0", "LibraryManagementSystem2_0.csproj", "{11D746C4-D6BB-A0C3-689D-9C7697AFF6EA}"
EndProject
Global
	GlobalSection(SolutionConfigurationPlatforms) = preSolution
		Debug|Any CPU = Debug|Any CPU
		Release|Any CPU = Release|Any CPU
	EndGlobalSection
	GlobalSection(ProjectConfigurationPlatforms) = postSolution
		{11D746C4-D6BB-A0C3-689D-9C7697AFF6EA}.Debug|Any CPU.ActiveCfg = Debug|Any CPU
		{11D746C4-D6BB-A0C3-689D-9C7697AFF6EA}.Debug|Any CPU.Build.0 = Debug|Any CPU
		{11D746C4-D6BB-A0C3-689D-9C7697AFF6EA}.Release|Any CPU.ActiveCfg = Release|Any CPU
		{11D746C4-D6BB-A0C3-689D-9C7697AFF6EA}.Release|Any CPU.Build.0 = Release|Any CPU
	EndGlobalSection
	GlobalSection(SolutionProperties) = preSolution
		HideSolutionNode = FALSE
	EndGlobalSection
	GlobalSection(ExtensibilityGlobals) = postSolution
		SolutionGuid = {907A26F2-7218-4EAF-B627-9E740D327F74}
	EndGlobalSection
EndGlobal
